
Microsoft Visual Studio Solution File, Format Version 12.00
# Visual Studio Version 16
VisualStudioVersion = 16.0.30517.126
MinimumVisualStudioVersion = 10.0.40219.1
Project("{FAE04EC0-301F-11D3-BF4B-00C04F79EFBC}") = "ACRDotNetCoreApp", "ACRDotNetCoreApp\ACRDotNetCoreApp.csproj", "{ABCF7032-57A8-4B32-A8C0-6084B4ED5263}"
EndProject
Global
	GlobalSection(SolutionConfigurationPlatforms) = preSolution
		Debug|Any CPU = Debug|Any CPU
		Release|Any CPU = Release|Any CPU
	EndGlobalSection
	GlobalSection(ProjectConfigurationPlatforms) = postSolution
		{ABCF7032-57A8-4B32-A8C0-6084B4ED5263}.Debug|Any CPU.ActiveCfg = Debug|Any CPU
		{ABCF7032-57A8-4B32-A8C0-6084B4ED5263}.Debug|Any CPU.Build.0 = Debug|Any CPU
		{ABCF7032-57A8-4B32-A8C0-6084B4ED5263}.Release|Any CPU.ActiveCfg = Release|Any CPU
		{ABCF7032-57A8-4B32-A8C0-6084B4ED5263}.Release|Any CPU.Build.0 = Release|Any CPU
	EndGlobalSection
	GlobalSection(SolutionProperties) = preSolution
		HideSolutionNode = FALSE
	EndGlobalSection
	GlobalSection(ExtensibilityGlobals) = postSolution
		SolutionGuid = {008B6DEF-E89C-404A-B654-D8AFB18A3EB5}
	EndGlobalSection
EndGlobal
